// !$*UTF8*$!
{
	archiveVersion = 1;
	classes = {
	};
	objectVersion = 51;
	objects = {

/* Begin PBXBuildFile section */
		2D48F05422C6BEAF00DA7D5E /* LoginProtocol.swift in Sources */ = {isa = PBXBuildFile; fileRef = 2D48F05322C6BEAF00DA7D5E /* LoginProtocol.swift */; };
		2D48F07622C6D0C600DA7D5E /* SettingsViewController.swift in Sources */ = {isa = PBXBuildFile; fileRef = 2D48F07522C6D0C600DA7D5E /* SettingsViewController.swift */; };
		2D48F07D22C72CA300DA7D5E /* CustomSegue.swift in Sources */ = {isa = PBXBuildFile; fileRef = 2D48F07C22C72CA300DA7D5E /* CustomSegue.swift */; };
		2D4F6E3222C57ECE00BB8220 /* LoginViewController.swift in Sources */ = {isa = PBXBuildFile; fileRef = 2D4F6E3122C57ECE00BB8220 /* LoginViewController.swift */; };
		2D4F6E3522C591D300BB8220 /* TextField+Extension.swift in Sources */ = {isa = PBXBuildFile; fileRef = 2D4F6E3422C591D300BB8220 /* TextField+Extension.swift */; };
		2D4F6E3722C5AE2700BB8220 /* ProductsCVController.swift in Sources */ = {isa = PBXBuildFile; fileRef = 2D4F6E3622C5AE2700BB8220 /* ProductsCVController.swift */; };
		2D4F6E3922C5AE6200BB8220 /* ProductCVCell.swift in Sources */ = {isa = PBXBuildFile; fileRef = 2D4F6E3822C5AE6200BB8220 /* ProductCVCell.swift */; };
		2DEB2AB822B1D24300D6FE24 /* AppDelegate.swift in Sources */ = {isa = PBXBuildFile; fileRef = 2DEB2AB722B1D24300D6FE24 /* AppDelegate.swift */; };
		2DEB2ABA22B1D24300D6FE24 /* ViewController.swift in Sources */ = {isa = PBXBuildFile; fileRef = 2DEB2AB922B1D24300D6FE24 /* ViewController.swift */; };
		2DEB2ABD22B1D24300D6FE24 /* Main.storyboard in Resources */ = {isa = PBXBuildFile; fileRef = 2DEB2ABB22B1D24300D6FE24 /* Main.storyboard */; };
		2DEB2AC022B1D24300D6FE24 /* PigletPOS.xcdatamodeld in Sources */ = {isa = PBXBuildFile; fileRef = 2DEB2ABE22B1D24300D6FE24 /* PigletPOS.xcdatamodeld */; };
		2DEB2AC222B1D24400D6FE24 /* Assets.xcassets in Resources */ = {isa = PBXBuildFile; fileRef = 2DEB2AC122B1D24400D6FE24 /* Assets.xcassets */; };
		2DEB2AC522B1D24400D6FE24 /* LaunchScreen.storyboard in Resources */ = {isa = PBXBuildFile; fileRef = 2DEB2AC322B1D24400D6FE24 /* LaunchScreen.storyboard */; };
		2DEB2ACE22B1D4BF00D6FE24 /* Employee.swift in Sources */ = {isa = PBXBuildFile; fileRef = 2DEB2ACD22B1D4BF00D6FE24 /* Employee.swift */; };
		2DEB2AD022B1D58400D6FE24 /* Product.swift in Sources */ = {isa = PBXBuildFile; fileRef = 2DEB2ACF22B1D58400D6FE24 /* Product.swift */; };
		2DEB2AD222B1D5F900D6FE24 /* DataSource.swift in Sources */ = {isa = PBXBuildFile; fileRef = 2DEB2AD122B1D5F900D6FE24 /* DataSource.swift */; };
		8EFE399B7957BDA2EB60F753 /* Pods_PigletPOS.framework in Frameworks */ = {isa = PBXBuildFile; fileRef = A7F5B285265BC9FE2183AA41 /* Pods_PigletPOS.framework */; };
/* End PBXBuildFile section */

/* Begin PBXFileReference section */
		2D48F05322C6BEAF00DA7D5E /* LoginProtocol.swift */ = {isa = PBXFileReference; lastKnownFileType = sourcecode.swift; path = LoginProtocol.swift; sourceTree = "<group>"; };
		2D48F07522C6D0C600DA7D5E /* SettingsViewController.swift */ = {isa = PBXFileReference; lastKnownFileType = sourcecode.swift; path = SettingsViewController.swift; sourceTree = "<group>"; };
		2D48F07C22C72CA300DA7D5E /* CustomSegue.swift */ = {isa = PBXFileReference; lastKnownFileType = sourcecode.swift; path = CustomSegue.swift; sourceTree = "<group>"; };
		2D4F6E3122C57ECE00BB8220 /* LoginViewController.swift */ = {isa = PBXFileReference; lastKnownFileType = sourcecode.swift; path = LoginViewController.swift; sourceTree = "<group>"; };
		2D4F6E3422C591D300BB8220 /* TextField+Extension.swift */ = {isa = PBXFileReference; lastKnownFileType = sourcecode.swift; path = "TextField+Extension.swift"; sourceTree = "<group>"; };
		2D4F6E3622C5AE2700BB8220 /* ProductsCVController.swift */ = {isa = PBXFileReference; lastKnownFileType = sourcecode.swift; path = ProductsCVController.swift; sourceTree = "<group>"; };
		2D4F6E3822C5AE6200BB8220 /* ProductCVCell.swift */ = {isa = PBXFileReference; lastKnownFileType = sourcecode.swift; path = ProductCVCell.swift; sourceTree = "<group>"; };
		2DEB2AB422B1D24300D6FE24 /* PigletPOS.app */ = {isa = PBXFileReference; explicitFileType = wrapper.application; includeInIndex = 0; path = PigletPOS.app; sourceTree = BUILT_PRODUCTS_DIR; };
		2DEB2AB722B1D24300D6FE24 /* AppDelegate.swift */ = {isa = PBXFileReference; lastKnownFileType = sourcecode.swift; path = AppDelegate.swift; sourceTree = "<group>"; };
		2DEB2AB922B1D24300D6FE24 /* ViewController.swift */ = {isa = PBXFileReference; lastKnownFileType = sourcecode.swift; path = ViewController.swift; sourceTree = "<group>"; };
		2DEB2ABC22B1D24300D6FE24 /* Base */ = {isa = PBXFileReference; lastKnownFileType = file.storyboard; name = Base; path = Base.lproj/Main.storyboard; sourceTree = "<group>"; };
		2DEB2ABF22B1D24300D6FE24 /* PigletPOS.xcdatamodel */ = {isa = PBXFileReference; lastKnownFileType = wrapper.xcdatamodel; path = PigletPOS.xcdatamodel; sourceTree = "<group>"; };
		2DEB2AC122B1D24400D6FE24 /* Assets.xcassets */ = {isa = PBXFileReference; lastKnownFileType = folder.assetcatalog; path = Assets.xcassets; sourceTree = "<group>"; };
		2DEB2AC422B1D24400D6FE24 /* Base */ = {isa = PBXFileReference; lastKnownFileType = file.storyboard; name = Base; path = Base.lproj/LaunchScreen.storyboard; sourceTree = "<group>"; };
		2DEB2AC622B1D24400D6FE24 /* Info.plist */ = {isa = PBXFileReference; lastKnownFileType = text.plist.xml; path = Info.plist; sourceTree = "<group>"; };
		2DEB2ACD22B1D4BF00D6FE24 /* Employee.swift */ = {isa = PBXFileReference; lastKnownFileType = sourcecode.swift; path = Employee.swift; sourceTree = "<group>"; };
		2DEB2ACF22B1D58400D6FE24 /* Product.swift */ = {isa = PBXFileReference; lastKnownFileType = sourcecode.swift; path = Product.swift; sourceTree = "<group>"; };
		2DEB2AD122B1D5F900D6FE24 /* DataSource.swift */ = {isa = PBXFileReference; lastKnownFileType = sourcecode.swift; path = DataSource.swift; sourceTree = "<group>"; };
		64BF03963D357E7D58F21D9E /* Pods-PigletPOS.debug.xcconfig */ = {isa = PBXFileReference; includeInIndex = 1; lastKnownFileType = text.xcconfig; name = "Pods-PigletPOS.debug.xcconfig"; path = "Target Support Files/Pods-PigletPOS/Pods-PigletPOS.debug.xcconfig"; sourceTree = "<group>"; };
		A7F5B285265BC9FE2183AA41 /* Pods_PigletPOS.framework */ = {isa = PBXFileReference; explicitFileType = wrapper.framework; includeInIndex = 0; path = Pods_PigletPOS.framework; sourceTree = BUILT_PRODUCTS_DIR; };
		C667AC912AC9815AFB561F7B /* Pods-PigletPOS.release.xcconfig */ = {isa = PBXFileReference; includeInIndex = 1; lastKnownFileType = text.xcconfig; name = "Pods-PigletPOS.release.xcconfig"; path = "Target Support Files/Pods-PigletPOS/Pods-PigletPOS.release.xcconfig"; sourceTree = "<group>"; };
/* End PBXFileReference section */

/* Begin PBXFrameworksBuildPhase section */
		2DEB2AB122B1D24300D6FE24 /* Frameworks */ = {
			isa = PBXFrameworksBuildPhase;
			buildActionMask = 2147483647;
			files = (
				8EFE399B7957BDA2EB60F753 /* Pods_PigletPOS.framework in Frameworks */,
			);
			runOnlyForDeploymentPostprocessing = 0;
		};
/* End PBXFrameworksBuildPhase section */

/* Begin PBXGroup section */
		27B094E661542C8D9743158F /* Pods */ = {
			isa = PBXGroup;
			children = (
				64BF03963D357E7D58F21D9E /* Pods-PigletPOS.debug.xcconfig */,
				C667AC912AC9815AFB561F7B /* Pods-PigletPOS.release.xcconfig */,
			);
			path = Pods;
			sourceTree = "<group>";
		};
		2D48F05222C6BE9100DA7D5E /* Protocols */ = {
			isa = PBXGroup;
			children = (
				2D48F05322C6BEAF00DA7D5E /* LoginProtocol.swift */,
			);
			path = Protocols;
			sourceTree = "<group>";
		};
		2D48F07B22C72C8000DA7D5E /* Segues */ = {
			isa = PBXGroup;
			children = (
				2D48F07C22C72CA300DA7D5E /* CustomSegue.swift */,
			);
			path = Segues;
			sourceTree = "<group>";
		};
		2D4F6E3022C57EBA00BB8220 /* Views */ = {
			isa = PBXGroup;
			children = (
				2D4F6E3122C57ECE00BB8220 /* LoginViewController.swift */,
				2D4F6E3622C5AE2700BB8220 /* ProductsCVController.swift */,
				2D4F6E3822C5AE6200BB8220 /* ProductCVCell.swift */,
				2D48F07522C6D0C600DA7D5E /* SettingsViewController.swift */,
			);
			path = Views;
			sourceTree = "<group>";
		};
		2D4F6E3322C591A500BB8220 /* Extensions */ = {
			isa = PBXGroup;
			children = (
				2D4F6E3422C591D300BB8220 /* TextField+Extension.swift */,
			);
			path = Extensions;
			sourceTree = "<group>";
		};
		2DEB2AAB22B1D24300D6FE24 = {
			isa = PBXGroup;
			children = (
				2DEB2AB622B1D24300D6FE24 /* PigletPOS */,
				2DEB2AB522B1D24300D6FE24 /* Products */,
				27B094E661542C8D9743158F /* Pods */,
				63A884D3336169341B4CA5EA /* Frameworks */,
			);
			sourceTree = "<group>";
		};
		2DEB2AB522B1D24300D6FE24 /* Products */ = {
			isa = PBXGroup;
			children = (
				2DEB2AB422B1D24300D6FE24 /* PigletPOS.app */,
			);
			name = Products;
			sourceTree = "<group>";
		};
		2DEB2AB622B1D24300D6FE24 /* PigletPOS */ = {
			isa = PBXGroup;
			children = (
				2D48F07B22C72C8000DA7D5E /* Segues */,
				2D48F05222C6BE9100DA7D5E /* Protocols */,
				2D4F6E3322C591A500BB8220 /* Extensions */,
				2D4F6E3022C57EBA00BB8220 /* Views */,
				2DEB2ACC22B1D4B100D6FE24 /* Models */,
				2DEB2AB722B1D24300D6FE24 /* AppDelegate.swift */,
				2DEB2AB922B1D24300D6FE24 /* ViewController.swift */,
				2DEB2ABB22B1D24300D6FE24 /* Main.storyboard */,
				2DEB2AC122B1D24400D6FE24 /* Assets.xcassets */,
				2DEB2AC322B1D24400D6FE24 /* LaunchScreen.storyboard */,
				2DEB2AC622B1D24400D6FE24 /* Info.plist */,
				2DEB2ABE22B1D24300D6FE24 /* PigletPOS.xcdatamodeld */,
			);
			path = PigletPOS;
			sourceTree = "<group>";
		};
		2DEB2ACC22B1D4B100D6FE24 /* Models */ = {
			isa = PBXGroup;
			children = (
				2DEB2ACD22B1D4BF00D6FE24 /* Employee.swift */,
				2DEB2ACF22B1D58400D6FE24 /* Product.swift */,
				2DEB2AD122B1D5F900D6FE24 /* DataSource.swift */,
			);
			path = Models;
			sourceTree = "<group>";
		};
		63A884D3336169341B4CA5EA /* Frameworks */ = {
			isa = PBXGroup;
			children = (
				A7F5B285265BC9FE2183AA41 /* Pods_PigletPOS.framework */,
			);
			name = Frameworks;
			sourceTree = "<group>";
		};
/* End PBXGroup section */

/* Begin PBXNativeTarget section */
		2DEB2AB322B1D24300D6FE24 /* PigletPOS */ = {
			isa = PBXNativeTarget;
			buildConfigurationList = 2DEB2AC922B1D24400D6FE24 /* Build configuration list for PBXNativeTarget "PigletPOS" */;
			buildPhases = (
				AC87616C45D8F2257AFB2DCA /* [CP] Check Pods Manifest.lock */,
				2DEB2AB022B1D24300D6FE24 /* Sources */,
				2DEB2AB122B1D24300D6FE24 /* Frameworks */,
				2DEB2AB222B1D24300D6FE24 /* Resources */,
				F3AFE77A15980B9E7F0783F7 /* [CP] Embed Pods Frameworks */,
			);
			buildRules = (
			);
			dependencies = (
			);
			name = PigletPOS;
			productName = PigletPOS;
			productReference = 2DEB2AB422B1D24300D6FE24 /* PigletPOS.app */;
			productType = "com.apple.product-type.application";
		};
/* End PBXNativeTarget section */

/* Begin PBXProject section */
		2DEB2AAC22B1D24300D6FE24 /* Project object */ = {
			isa = PBXProject;
			attributes = {
				LastSwiftUpdateCheck = 1020;
				LastUpgradeCheck = 1020;
				ORGANIZATIONNAME = "Shilo Kohelet";
				TargetAttributes = {
					2DEB2AB322B1D24300D6FE24 = {
						CreatedOnToolsVersion = 10.2.1;
					};
				};
			};
			buildConfigurationList = 2DEB2AAF22B1D24300D6FE24 /* Build configuration list for PBXProject "PigletPOS" */;
			compatibilityVersion = "Xcode 9.3";
			developmentRegion = en;
			hasScannedForEncodings = 0;
			knownRegions = (
				en,
				Base,
			);
			mainGroup = 2DEB2AAB22B1D24300D6FE24;
			productRefGroup = 2DEB2AB522B1D24300D6FE24 /* Products */;
			projectDirPath = "";
			projectRoot = "";
			targets = (
				2DEB2AB322B1D24300D6FE24 /* PigletPOS */,
			);
		};
/* End PBXProject section */

/* Begin PBXResourcesBuildPhase section */
		2DEB2AB222B1D24300D6FE24 /* Resources */ = {
			isa = PBXResourcesBuildPhase;
			buildActionMask = 2147483647;
			files = (
				2DEB2AC522B1D24400D6FE24 /* LaunchScreen.storyboard in Resources */,
				2DEB2AC222B1D24400D6FE24 /* Assets.xcassets in Resources */,
				2DEB2ABD22B1D24300D6FE24 /* Main.storyboard in Resources */,
			);
			runOnlyForDeploymentPostprocessing = 0;
		};
/* End PBXResourcesBuildPhase section */

/* Begin PBXShellScriptBuildPhase section */
		AC87616C45D8F2257AFB2DCA /* [CP] Check Pods Manifest.lock */ = {
			isa = PBXShellScriptBuildPhase;
			buildActionMask = 2147483647;
			files = (
			);
			inputFileListPaths = (
			);
			inputPaths = (
				"${PODS_PODFILE_DIR_PATH}/Podfile.lock",
				"${PODS_ROOT}/Manifest.lock",
			);
			name = "[CP] Check Pods Manifest.lock";
			outputFileListPaths = (
			);
			outputPaths = (
				"$(DERIVED_FILE_DIR)/Pods-PigletPOS-checkManifestLockResult.txt",
			);
			runOnlyForDeploymentPostprocessing = 0;
			shellPath = /bin/sh;
			shellScript = "diff \"${PODS_PODFILE_DIR_PATH}/Podfile.lock\" \"${PODS_ROOT}/Manifest.lock\" > /dev/null\nif [ $? != 0 ] ; then\n    # print error to STDERR\n    echo \"error: The sandbox is not in sync with the Podfile.lock. Run 'pod install' or update your CocoaPods installation.\" >&2\n    exit 1\nfi\n# This output is used by Xcode 'outputs' to avoid re-running this script phase.\necho \"SUCCESS\" > \"${SCRIPT_OUTPUT_FILE_0}\"\n";
			showEnvVarsInLog = 0;
		};
		F3AFE77A15980B9E7F0783F7 /* [CP] Embed Pods Frameworks */ = {
			isa = PBXShellScriptBuildPhase;
			buildActionMask = 2147483647;
			files = (
			);
			inputFileListPaths = (
				"${PODS_ROOT}/Target Support Files/Pods-PigletPOS/Pods-PigletPOS-frameworks-${CONFIGURATION}-input-files.xcfilelist",
			);
			name = "[CP] Embed Pods Frameworks";
			outputFileListPaths = (
				"${PODS_ROOT}/Target Support Files/Pods-PigletPOS/Pods-PigletPOS-frameworks-${CONFIGURATION}-output-files.xcfilelist",
			);
			runOnlyForDeploymentPostprocessing = 0;
			shellPath = /bin/sh;
			shellScript = "\"${PODS_ROOT}/Target Support Files/Pods-PigletPOS/Pods-PigletPOS-frameworks.sh\"\n";
			showEnvVarsInLog = 0;
		};
/* End PBXShellScriptBuildPhase section */

/* Begin PBXSourcesBuildPhase section */
		2DEB2AB022B1D24300D6FE24 /* Sources */ = {
			isa = PBXSourcesBuildPhase;
			buildActionMask = 2147483647;
			files = (
				2D4F6E3222C57ECE00BB8220 /* LoginViewController.swift in Sources */,
				2D48F07D22C72CA300DA7D5E /* CustomSegue.swift in Sources */,
				2DEB2AD222B1D5F900D6FE24 /* DataSource.swift in Sources */,
				2DEB2AC022B1D24300D6FE24 /* PigletPOS.xcdatamodeld in Sources */,
				2DEB2ACE22B1D4BF00D6FE24 /* Employee.swift in Sources */,
				2D48F07622C6D0C600DA7D5E /* SettingsViewController.swift in Sources */,
				2D4F6E3922C5AE6200BB8220 /* ProductCVCell.swift in Sources */,
				2DEB2AD022B1D58400D6FE24 /* Product.swift in Sources */,
				2D4F6E3722C5AE2700BB8220 /* ProductsCVController.swift in Sources */,
				2D4F6E3522C591D300BB8220 /* TextField+Extension.swift in Sources */,
				2D48F05422C6BEAF00DA7D5E /* LoginProtocol.swift in Sources */,
				2DEB2ABA22B1D24300D6FE24 /* ViewController.swift in Sources */,
				2DEB2AB822B1D24300D6FE24 /* AppDelegate.swift in Sources */,
			);
			runOnlyForDeploymentPostprocessing = 0;
		};
/* End PBXSourcesBuildPhase section */

/* Begin PBXVariantGroup section */
		2DEB2ABB22B1D24300D6FE24 /* Main.storyboard */ = {
			isa = PBXVariantGroup;
			children = (
				2DEB2ABC22B1D24300D6FE24 /* Base */,
			);
			name = Main.storyboard;
			sourceTree = "<group>";
		};
		2DEB2AC322B1D24400D6FE24 /* LaunchScreen.storyboard */ = {
			isa = PBXVariantGroup;
			children = (
				2DEB2AC422B1D24400D6FE24 /* Base */,
			);
			name = LaunchScreen.storyboard;
			sourceTree = "<group>";
		};
/* End PBXVariantGroup section */

/* Begin XCBuildConfiguration section */
		2DEB2AC722B1D24400D6FE24 /* Debug */ = {
			isa = XCBuildConfiguration;
			buildSettings = {
				ALWAYS_SEARCH_USER_PATHS = NO;
				CLANG_ANALYZER_NONNULL = YES;
				CLANG_ANALYZER_NUMBER_OBJECT_CONVERSION = YES_AGGRESSIVE;
				CLANG_CXX_LANGUAGE_STANDARD = "gnu++14";
				CLANG_CXX_LIBRARY = "libc++";
				CLANG_ENABLE_MODULES = YES;
				CLANG_ENABLE_OBJC_ARC = YES;
				CLANG_ENABLE_OBJC_WEAK = YES;
				CLANG_WARN_BLOCK_CAPTURE_AUTORELEASING = YES;
				CLANG_WARN_BOOL_CONVERSION = YES;
				CLANG_WARN_COMMA = YES;
				CLANG_WARN_CONSTANT_CONVERSION = YES;
				CLANG_WARN_DEPRECATED_OBJC_IMPLEMENTATIONS = YES;
				CLANG_WARN_DIRECT_OBJC_ISA_USAGE = YES_ERROR;
				CLANG_WARN_DOCUMENTATION_COMMENTS = YES;
				CLANG_WARN_EMPTY_BODY = YES;
				CLANG_WARN_ENUM_CONVERSION = YES;
				CLANG_WARN_INFINITE_RECURSION = YES;
				CLANG_WARN_INT_CONVERSION = YES;
				CLANG_WARN_NON_LITERAL_NULL_CONVERSION = YES;
				CLANG_WARN_OBJC_IMPLICIT_RETAIN_SELF = YES;
				CLANG_WARN_OBJC_LITERAL_CONVERSION = YES;
				CLANG_WARN_OBJC_ROOT_CLASS = YES_ERROR;
				CLANG_WARN_RANGE_LOOP_ANALYSIS = YES;
				CLANG_WARN_STRICT_PROTOTYPES = YES;
				CLANG_WARN_SUSPICIOUS_MOVE = YES;
				CLANG_WARN_UNGUARDED_AVAILABILITY = YES_AGGRESSIVE;
				CLANG_WARN_UNREACHABLE_CODE = YES;
				CLANG_WARN__DUPLICATE_METHOD_MATCH = YES;
				CODE_SIGN_IDENTITY = "iPhone Developer";
				COPY_PHASE_STRIP = NO;
				DEBUG_INFORMATION_FORMAT = dwarf;
				ENABLE_STRICT_OBJC_MSGSEND = YES;
				ENABLE_TESTABILITY = YES;
				GCC_C_LANGUAGE_STANDARD = gnu11;
				GCC_DYNAMIC_NO_PIC = NO;
				GCC_NO_COMMON_BLOCKS = YES;
				GCC_OPTIMIZATION_LEVEL = 0;
				GCC_PREPROCESSOR_DEFINITIONS = (
					"DEBUG=1",
					"$(inherited)",
				);
				GCC_WARN_64_TO_32_BIT_CONVERSION = YES;
				GCC_WARN_ABOUT_RETURN_TYPE = YES_ERROR;
				GCC_WARN_UNDECLARED_SELECTOR = YES;
				GCC_WARN_UNINITIALIZED_AUTOS = YES_AGGRESSIVE;
				GCC_WARN_UNUSED_FUNCTION = YES;
				GCC_WARN_UNUSED_VARIABLE = YES;
				IPHONEOS_DEPLOYMENT_TARGET = 12.2;
				MTL_ENABLE_DEBUG_INFO = INCLUDE_SOURCE;
				MTL_FAST_MATH = YES;
				ONLY_ACTIVE_ARCH = YES;
				SDKROOT = iphoneos;
				SWIFT_ACTIVE_COMPILATION_CONDITIONS = DEBUG;
				SWIFT_OPTIMIZATION_LEVEL = "-Onone";
			};
			name = Debug;
		};
		2DEB2AC822B1D24400D6FE24 /* Release */ = {
			isa = XCBuildConfiguration;
			buildSettings = {
				ALWAYS_SEARCH_USER_PATHS = NO;
				CLANG_ANALYZER_NONNULL = YES;
				CLANG_ANALYZER_NUMBER_OBJECT_CONVERSION = YES_AGGRESSIVE;
				CLANG_CXX_LANGUAGE_STANDARD = "gnu++14";
				CLANG_CXX_LIBRARY = "libc++";
				CLANG_ENABLE_MODULES = YES;
				CLANG_ENABLE_OBJC_ARC = YES;
				CLANG_ENABLE_OBJC_WEAK = YES;
				CLANG_WARN_BLOCK_CAPTURE_AUTORELEASING = YES;
				CLANG_WARN_BOOL_CONVERSION = YES;
				CLANG_WARN_COMMA = YES;
				CLANG_WARN_CONSTANT_CONVERSION = YES;
				CLANG_WARN_DEPRECATED_OBJC_IMPLEMENTATIONS = YES;
				CLANG_WARN_DIRECT_OBJC_ISA_USAGE = YES_ERROR;
				CLANG_WARN_DOCUMENTATION_COMMENTS = YES;
				CLANG_WARN_EMPTY_BODY = YES;
				CLANG_WARN_ENUM_CONVERSION = YES;
				CLANG_WARN_INFINITE_RECURSION = YES;
				CLANG_WARN_INT_CONVERSION = YES;
				CLANG_WARN_NON_LITERAL_NULL_CONVERSION = YES;
				CLANG_WARN_OBJC_IMPLICIT_RETAIN_SELF = YES;
				CLANG_WARN_OBJC_LITERAL_CONVERSION = YES;
				CLANG_WARN_OBJC_ROOT_CLASS = YES_ERROR;
				CLANG_WARN_RANGE_LOOP_ANALYSIS = YES;
				CLANG_WARN_STRICT_PROTOTYPES = YES;
				CLANG_WARN_SUSPICIOUS_MOVE = YES;
				CLANG_WARN_UNGUARDED_AVAILABILITY = YES_AGGRESSIVE;
				CLANG_WARN_UNREACHABLE_CODE = YES;
				CLANG_WARN__DUPLICATE_METHOD_MATCH = YES;
				CODE_SIGN_IDENTITY = "iPhone Developer";
				COPY_PHASE_STRIP = NO;
				DEBUG_INFORMATION_FORMAT = "dwarf-with-dsym";
				ENABLE_NS_ASSERTIONS = NO;
				ENABLE_STRICT_OBJC_MSGSEND = YES;
				GCC_C_LANGUAGE_STANDARD = gnu11;
				GCC_NO_COMMON_BLOCKS = YES;
				GCC_WARN_64_TO_32_BIT_CONVERSION = YES;
				GCC_WARN_ABOUT_RETURN_TYPE = YES_ERROR;
				GCC_WARN_UNDECLARED_SELECTOR = YES;
				GCC_WARN_UNINITIALIZED_AUTOS = YES_AGGRESSIVE;
				GCC_WARN_UNUSED_FUNCTION = YES;
				GCC_WARN_UNUSED_VARIABLE = YES;
				IPHONEOS_DEPLOYMENT_TARGET = 12.2;
				MTL_ENABLE_DEBUG_INFO = NO;
				MTL_FAST_MATH = YES;
				SDKROOT = iphoneos;
				SWIFT_COMPILATION_MODE = wholemodule;
				SWIFT_OPTIMIZATION_LEVEL = "-O";
				VALIDATE_PRODUCT = YES;
			};
			name = Release;
		};
		2DEB2ACA22B1D24400D6FE24 /* Debug */ = {
			isa = XCBuildConfiguration;
			baseConfigurationReference = 64BF03963D357E7D58F21D9E /* Pods-PigletPOS.debug.xcconfig */;
			buildSettings = {
				ASSETCATALOG_COMPILER_APPICON_NAME = AppIcon;
				CODE_SIGN_STYLE = Automatic;
				DEVELOPMENT_TEAM = CNA4LK7VW9;
				INFOPLIST_FILE = PigletPOS/Info.plist;
				LD_RUNPATH_SEARCH_PATHS = (
					"$(inherited)",
					"@executable_path/Frameworks",
				);
				PRODUCT_BUNDLE_IDENTIFIER = SK.PigletPOS;
				PRODUCT_NAME = "$(TARGET_NAME)";
				SWIFT_VERSION = 5.0;
				TARGETED_DEVICE_FAMILY = "1,2";
			};
			name = Debug;
		};
		2DEB2ACB22B1D24400D6FE24 /* Release */ = {
			isa = XCBuildConfiguration;
			baseConfigurationReference = C667AC912AC9815AFB561F7B /* Pods-PigletPOS.release.xcconfig */;
			buildSettings = {
				ASSETCATALOG_COMPILER_APPICON_NAME = AppIcon;
				CODE_SIGN_STYLE = Automatic;
				DEVELOPMENT_TEAM = CNA4LK7VW9;
				INFOPLIST_FILE = PigletPOS/Info.plist;
				LD_RUNPATH_SEARCH_PATHS = (
					"$(inherited)",
					"@executable_path/Frameworks",
				);
				PRODUCT_BUNDLE_IDENTIFIER = SK.PigletPOS;
				PRODUCT_NAME = "$(TARGET_NAME)";
				SWIFT_VERSION = 5.0;
				TARGETED_DEVICE_FAMILY = "1,2";
			};
			name = Release;
		};
/* End XCBuildConfiguration section */

/* Begin XCConfigurationList section */
		2DEB2AAF22B1D24300D6FE24 /* Build configuration list for PBXProject "PigletPOS" */ = {
			isa = XCConfigurationList;
			buildConfigurations = (
				2DEB2AC722B1D24400D6FE24 /* Debug */,
				2DEB2AC822B1D24400D6FE24 /* Release */,
			);
			defaultConfigurationIsVisible = 0;
			defaultConfigurationName = Release;
		};
		2DEB2AC922B1D24400D6FE24 /* Build configuration list for PBXNativeTarget "PigletPOS" */ = {
			isa = XCConfigurationList;
			buildConfigurations = (
				2DEB2ACA22B1D24400D6FE24 /* Debug */,
				2DEB2ACB22B1D24400D6FE24 /* Release */,
			);
			defaultConfigurationIsVisible = 0;
			defaultConfigurationName = Release;
		};
/* End XCConfigurationList section */

/* Begin XCVersionGroup section */
		2DEB2ABE22B1D24300D6FE24 /* PigletPOS.xcdatamodeld */ = {
			isa = XCVersionGroup;
			children = (
				2DEB2ABF22B1D24300D6FE24 /* PigletPOS.xcdatamodel */,
			);
			currentVersion = 2DEB2ABF22B1D24300D6FE24 /* PigletPOS.xcdatamodel */;
			path = PigletPOS.xcdatamodeld;
			sourceTree = "<group>";
			versionGroupType = wrapper.xcdatamodel;
		};
/* End XCVersionGroup section */
	};
	rootObject = 2DEB2AAC22B1D24300D6FE24 /* Project object */;
}
